
Microsoft Visual Studio Solution File, Format Version 12.00
# Visual Studio 15
VisualStudioVersion = 15.0.28307.136
MinimumVisualStudioVersion = 10.0.40219.1
Project("{8BC9CEB8-8B4A-11D0-8D11-00A0C91BC942}") = "Meta Tic Tac Toe (DS e GK)", "Meta Tic Tac Toe (DS e GK)\Meta Tic Tac Toe (DS e GK).vcxproj", "{78E2BC26-9647-4EE7-B31E-964951B1D398}"
EndProject
Global
	GlobalSection(SolutionConfigurationPlatforms) = preSolution
		Debug|x64 = Debug|x64
		Debug|x86 = Debug|x86
		Release|x64 = Release|x64
		Release|x86 = Release|x86
	EndGlobalSection
	GlobalSection(ProjectConfigurationPlatforms) = postSolution
		{78E2BC26-9647-4EE7-B31E-964951B1D398}.Debug|x64.ActiveCfg = Debug|x64
		{78E2BC26-9647-4EE7-B31E-964951B1D398}.Debug|x64.Build.0 = Debug|x64
		{78E2BC26-9647-4EE7-B31E-964951B1D398}.Debug|x86.ActiveCfg = Debug|Win32
		{78E2BC26-9647-4EE7-B31E-964951B1D398}.Debug|x86.Build.0 = Debug|Win32
		{78E2BC26-9647-4EE7-B31E-964951B1D398}.Release|x64.ActiveCfg = Release|x64
		{78E2BC26-9647-4EE7-B31E-964951B1D398}.Release|x64.Build.0 = Release|x64
		{78E2BC26-9647-4EE7-B31E-964951B1D398}.Release|x86.ActiveCfg = Release|Win32
		{78E2BC26-9647-4EE7-B31E-964951B1D398}.Release|x86.Build.0 = Release|Win32
	EndGlobalSection
	GlobalSection(SolutionProperties) = preSolution
		HideSolutionNode = FALSE
	EndGlobalSection
	GlobalSection(ExtensibilityGlobals) = postSolution
		SolutionGuid = {992FC4FC-D001-4914-B9B9-EF87069D656C}
	EndGlobalSection
EndGlobal
